// !$*UTF8*$!
{
	archiveVersion = 1;
	classes = {
	};
	objectVersion = 46;
	objects = {

/* Begin PBXBuildFile section */
		366978CF1B15A609004FBAC1 /* PlatformTableViewController.swift in Sources */ = {isa = PBXBuildFile; fileRef = 366978CE1B15A609004FBAC1 /* PlatformTableViewController.swift */; };
		366978D11B15A618004FBAC1 /* PlatformTableViewCell.swift in Sources */ = {isa = PBXBuildFile; fileRef = 366978D01B15A618004FBAC1 /* PlatformTableViewCell.swift */; };
		366979191B1D7980004FBAC1 /* Data.swift in Sources */ = {isa = PBXBuildFile; fileRef = 366979181B1D7980004FBAC1 /* Data.swift */; };
		3669791B1B1D8274004FBAC1 /* PlatformCellTableViewController.swift in Sources */ = {isa = PBXBuildFile; fileRef = 3669791A1B1D8274004FBAC1 /* PlatformCellTableViewController.swift */; };
		C20529411B0DA44100E86872 /* AppDelegate.swift in Sources */ = {isa = PBXBuildFile; fileRef = C20529401B0DA44100E86872 /* AppDelegate.swift */; };
		C205294A1B0DA44100E86872 /* Images.xcassets in Resources */ = {isa = PBXBuildFile; fileRef = C20529491B0DA44100E86872 /* Images.xcassets */; };
		C205294D1B0DA44100E86872 /* LaunchScreen.xib in Resources */ = {isa = PBXBuildFile; fileRef = C205294B1B0DA44100E86872 /* LaunchScreen.xib */; };
		C20529591B0DA44100E86872 /* StandByMeTests.swift in Sources */ = {isa = PBXBuildFile; fileRef = C20529581B0DA44100E86872 /* StandByMeTests.swift */; };
		C2C67A981B1554BA00D68B5F /* Main.storyboard in Resources */ = {isa = PBXBuildFile; fileRef = C2C67A971B1554BA00D68B5F /* Main.storyboard */; };
		C2C67A9C1B155A9B00D68B5F /* MomentTableViewCell.swift in Sources */ = {isa = PBXBuildFile; fileRef = C2C67A9B1B155A9B00D68B5F /* MomentTableViewCell.swift */; };
		C2C67AA71B155D9100D68B5F /* edard_stark.jpeg in Resources */ = {isa = PBXBuildFile; fileRef = C2C67A9D1B155D9100D68B5F /* edard_stark.jpeg */; };
		C2C67AA81B155D9100D68B5F /* john_snow.jpg in Resources */ = {isa = PBXBuildFile; fileRef = C2C67A9E1B155D9100D68B5F /* john_snow.jpg */; };
		C2C67AA91B155D9100D68B5F /* jorah_mormount.jpeg in Resources */ = {isa = PBXBuildFile; fileRef = C2C67A9F1B155D9100D68B5F /* jorah_mormount.jpeg */; };
		C2C67AAA1B155D9100D68B5F /* peter_belish.jpg in Resources */ = {isa = PBXBuildFile; fileRef = C2C67AA01B155D9100D68B5F /* peter_belish.jpg */; };
		C2C67AAB1B155D9100D68B5F /* tyrion_lannister.jpeg in Resources */ = {isa = PBXBuildFile; fileRef = C2C67AA11B155D9100D68B5F /* tyrion_lannister.jpeg */; };
		C2C67AAC1B155D9100D68B5F /* buckingham_palace.jpg in Resources */ = {isa = PBXBuildFile; fileRef = C2C67AA21B155D9100D68B5F /* buckingham_palace.jpg */; };
		C2C67AAD1B155D9100D68B5F /* eiffel_tower.jpg in Resources */ = {isa = PBXBuildFile; fileRef = C2C67AA31B155D9100D68B5F /* eiffel_tower.jpg */; };
		C2C67AAE1B155D9100D68B5F /* empire_state_building.jpg in Resources */ = {isa = PBXBuildFile; fileRef = C2C67AA41B155D9100D68B5F /* empire_state_building.jpg */; };
		C2C67AAF1B155D9100D68B5F /* grand_canyon.jpg in Resources */ = {isa = PBXBuildFile; fileRef = C2C67AA51B155D9100D68B5F /* grand_canyon.jpg */; };
		C2C67AB01B155D9100D68B5F /* windsor_castle.jpg in Resources */ = {isa = PBXBuildFile; fileRef = C2C67AA61B155D9100D68B5F /* windsor_castle.jpg */; };
		C2C67AD81B156CF400D68B5F /* MomentTableViewController.swift in Sources */ = {isa = PBXBuildFile; fileRef = C2C67AD71B156CF400D68B5F /* MomentTableViewController.swift */; };
/* End PBXBuildFile section */

/* Begin PBXContainerItemProxy section */
		C20529531B0DA44100E86872 /* PBXContainerItemProxy */ = {
			isa = PBXContainerItemProxy;
			containerPortal = C20529331B0DA44100E86872 /* Project object */;
			proxyType = 1;
			remoteGlobalIDString = C205293A1B0DA44100E86872;
			remoteInfo = StandByMe;
		};
/* End PBXContainerItemProxy section */

/* Begin PBXFileReference section */
		366978CE1B15A609004FBAC1 /* PlatformTableViewController.swift */ = {isa = PBXFileReference; fileEncoding = 4; lastKnownFileType = sourcecode.swift; path = PlatformTableViewController.swift; sourceTree = "<group>"; };
		366978D01B15A618004FBAC1 /* PlatformTableViewCell.swift */ = {isa = PBXFileReference; fileEncoding = 4; lastKnownFileType = sourcecode.swift; path = PlatformTableViewCell.swift; sourceTree = "<group>"; };
		366979181B1D7980004FBAC1 /* Data.swift */ = {isa = PBXFileReference; fileEncoding = 4; lastKnownFileType = sourcecode.swift; path = Data.swift; sourceTree = "<group>"; };
		3669791A1B1D8274004FBAC1 /* PlatformCellTableViewController.swift */ = {isa = PBXFileReference; fileEncoding = 4; lastKnownFileType = sourcecode.swift; path = PlatformCellTableViewController.swift; sourceTree = "<group>"; };
		C205293B1B0DA44100E86872 /* StandByMe.app */ = {isa = PBXFileReference; explicitFileType = wrapper.application; includeInIndex = 0; path = StandByMe.app; sourceTree = BUILT_PRODUCTS_DIR; };
		C205293F1B0DA44100E86872 /* Info.plist */ = {isa = PBXFileReference; lastKnownFileType = text.plist.xml; path = Info.plist; sourceTree = "<group>"; };
		C20529401B0DA44100E86872 /* AppDelegate.swift */ = {isa = PBXFileReference; lastKnownFileType = sourcecode.swift; path = AppDelegate.swift; sourceTree = "<group>"; };
		C20529491B0DA44100E86872 /* Images.xcassets */ = {isa = PBXFileReference; lastKnownFileType = folder.assetcatalog; path = Images.xcassets; sourceTree = "<group>"; };
		C205294C1B0DA44100E86872 /* Base */ = {isa = PBXFileReference; lastKnownFileType = file.xib; name = Base; path = Base.lproj/LaunchScreen.xib; sourceTree = "<group>"; };
		C20529521B0DA44100E86872 /* StandByMeTests.xctest */ = {isa = PBXFileReference; explicitFileType = wrapper.cfbundle; includeInIndex = 0; path = StandByMeTests.xctest; sourceTree = BUILT_PRODUCTS_DIR; };
		C20529571B0DA44100E86872 /* Info.plist */ = {isa = PBXFileReference; lastKnownFileType = text.plist.xml; path = Info.plist; sourceTree = "<group>"; };
		C20529581B0DA44100E86872 /* StandByMeTests.swift */ = {isa = PBXFileReference; lastKnownFileType = sourcecode.swift; path = StandByMeTests.swift; sourceTree = "<group>"; };
		C2C67A971B1554BA00D68B5F /* Main.storyboard */ = {isa = PBXFileReference; fileEncoding = 4; lastKnownFileType = file.storyboard; path = Main.storyboard; sourceTree = "<group>"; };
		C2C67A9B1B155A9B00D68B5F /* MomentTableViewCell.swift */ = {isa = PBXFileReference; fileEncoding = 4; lastKnownFileType = sourcecode.swift; path = MomentTableViewCell.swift; sourceTree = "<group>"; };
		C2C67A9D1B155D9100D68B5F /* edard_stark.jpeg */ = {isa = PBXFileReference; lastKnownFileType = image.jpeg; path = edard_stark.jpeg; sourceTree = "<group>"; };
		C2C67A9E1B155D9100D68B5F /* john_snow.jpg */ = {isa = PBXFileReference; lastKnownFileType = image.jpeg; path = john_snow.jpg; sourceTree = "<group>"; };
		C2C67A9F1B155D9100D68B5F /* jorah_mormount.jpeg */ = {isa = PBXFileReference; lastKnownFileType = image.jpeg; path = jorah_mormount.jpeg; sourceTree = "<group>"; };
		C2C67AA01B155D9100D68B5F /* peter_belish.jpg */ = {isa = PBXFileReference; lastKnownFileType = image.jpeg; path = peter_belish.jpg; sourceTree = "<group>"; };
		C2C67AA11B155D9100D68B5F /* tyrion_lannister.jpeg */ = {isa = PBXFileReference; lastKnownFileType = image.jpeg; path = tyrion_lannister.jpeg; sourceTree = "<group>"; };
		C2C67AA21B155D9100D68B5F /* buckingham_palace.jpg */ = {isa = PBXFileReference; lastKnownFileType = image.jpeg; path = buckingham_palace.jpg; sourceTree = "<group>"; };
		C2C67AA31B155D9100D68B5F /* eiffel_tower.jpg */ = {isa = PBXFileReference; lastKnownFileType = image.jpeg; path = eiffel_tower.jpg; sourceTree = "<group>"; };
		C2C67AA41B155D9100D68B5F /* empire_state_building.jpg */ = {isa = PBXFileReference; lastKnownFileType = image.jpeg; path = empire_state_building.jpg; sourceTree = "<group>"; };
		C2C67AA51B155D9100D68B5F /* grand_canyon.jpg */ = {isa = PBXFileReference; lastKnownFileType = image.jpeg; path = grand_canyon.jpg; sourceTree = "<group>"; };
		C2C67AA61B155D9100D68B5F /* windsor_castle.jpg */ = {isa = PBXFileReference; lastKnownFileType = image.jpeg; path = windsor_castle.jpg; sourceTree = "<group>"; };
		C2C67AD71B156CF400D68B5F /* MomentTableViewController.swift */ = {isa = PBXFileReference; fileEncoding = 4; lastKnownFileType = sourcecode.swift; path = MomentTableViewController.swift; sourceTree = "<group>"; };
/* End PBXFileReference section */

/* Begin PBXFrameworksBuildPhase section */
		C20529381B0DA44100E86872 /* Frameworks */ = {
			isa = PBXFrameworksBuildPhase;
			buildActionMask = 2147483647;
			files = (
			);
			runOnlyForDeploymentPostprocessing = 0;
		};
		C205294F1B0DA44100E86872 /* Frameworks */ = {
			isa = PBXFrameworksBuildPhase;
			buildActionMask = 2147483647;
			files = (
			);
			runOnlyForDeploymentPostprocessing = 0;
		};
/* End PBXFrameworksBuildPhase section */

/* Begin PBXGroup section */
		C20529321B0DA44100E86872 = {
			isa = PBXGroup;
			children = (
				C205293D1B0DA44100E86872 /* StandByMe */,
				C20529551B0DA44100E86872 /* StandByMeTests */,
				C205293C1B0DA44100E86872 /* Products */,
			);
			sourceTree = "<group>";
		};
		C205293C1B0DA44100E86872 /* Products */ = {
			isa = PBXGroup;
			children = (
				C205293B1B0DA44100E86872 /* StandByMe.app */,
				C20529521B0DA44100E86872 /* StandByMeTests.xctest */,
			);
			name = Products;
			sourceTree = "<group>";
		};
		C205293D1B0DA44100E86872 /* StandByMe */ = {
			isa = PBXGroup;
			children = (
				C20529401B0DA44100E86872 /* AppDelegate.swift */,
				C2C67A9B1B155A9B00D68B5F /* MomentTableViewCell.swift */,
				C2C67AD71B156CF400D68B5F /* MomentTableViewController.swift */,
				366979181B1D7980004FBAC1 /* Data.swift */,
				366978D01B15A618004FBAC1 /* PlatformTableViewCell.swift */,
				366978CE1B15A609004FBAC1 /* PlatformTableViewController.swift */,
				C2C67A971B1554BA00D68B5F /* Main.storyboard */,
				3669791A1B1D8274004FBAC1 /* PlatformCellTableViewController.swift */,
				C20529491B0DA44100E86872 /* Images.xcassets */,
				C205294B1B0DA44100E86872 /* LaunchScreen.xib */,
				C205293E1B0DA44100E86872 /* Supporting Files */,
			);
			path = StandByMe;
			sourceTree = "<group>";
		};
		C205293E1B0DA44100E86872 /* Supporting Files */ = {
			isa = PBXGroup;
			children = (
				C2C67A9D1B155D9100D68B5F /* edard_stark.jpeg */,
				C2C67A9E1B155D9100D68B5F /* john_snow.jpg */,
				C2C67A9F1B155D9100D68B5F /* jorah_mormount.jpeg */,
				C2C67AA01B155D9100D68B5F /* peter_belish.jpg */,
				C2C67AA11B155D9100D68B5F /* tyrion_lannister.jpeg */,
				C2C67AA21B155D9100D68B5F /* buckingham_palace.jpg */,
				C2C67AA31B155D9100D68B5F /* eiffel_tower.jpg */,
				C2C67AA41B155D9100D68B5F /* empire_state_building.jpg */,
				C2C67AA51B155D9100D68B5F /* grand_canyon.jpg */,
				C2C67AA61B155D9100D68B5F /* windsor_castle.jpg */,
				C205293F1B0DA44100E86872 /* Info.plist */,
			);
			name = "Supporting Files";
			sourceTree = "<group>";
		};
		C20529551B0DA44100E86872 /* StandByMeTests */ = {
			isa = PBXGroup;
			children = (
				C20529581B0DA44100E86872 /* StandByMeTests.swift */,
				C20529561B0DA44100E86872 /* Supporting Files */,
			);
			path = StandByMeTests;
			sourceTree = "<group>";
		};
		C20529561B0DA44100E86872 /* Supporting Files */ = {
			isa = PBXGroup;
			children = (
				C20529571B0DA44100E86872 /* Info.plist */,
			);
			name = "Supporting Files";
			sourceTree = "<group>";
		};
/* End PBXGroup section */

/* Begin PBXNativeTarget section */
		C205293A1B0DA44100E86872 /* StandByMe */ = {
			isa = PBXNativeTarget;
			buildConfigurationList = C205295C1B0DA44100E86872 /* Build configuration list for PBXNativeTarget "StandByMe" */;
			buildPhases = (
				C20529371B0DA44100E86872 /* Sources */,
				C20529381B0DA44100E86872 /* Frameworks */,
				C20529391B0DA44100E86872 /* Resources */,
			);
			buildRules = (
			);
			dependencies = (
			);
			name = StandByMe;
			productName = StandByMe;
			productReference = C205293B1B0DA44100E86872 /* StandByMe.app */;
			productType = "com.apple.product-type.application";
		};
		C20529511B0DA44100E86872 /* StandByMeTests */ = {
			isa = PBXNativeTarget;
			buildConfigurationList = C205295F1B0DA44100E86872 /* Build configuration list for PBXNativeTarget "StandByMeTests" */;
			buildPhases = (
				C205294E1B0DA44100E86872 /* Sources */,
				C205294F1B0DA44100E86872 /* Frameworks */,
				C20529501B0DA44100E86872 /* Resources */,
			);
			buildRules = (
			);
			dependencies = (
				C20529541B0DA44100E86872 /* PBXTargetDependency */,
			);
			name = StandByMeTests;
			productName = StandByMeTests;
			productReference = C20529521B0DA44100E86872 /* StandByMeTests.xctest */;
			productType = "com.apple.product-type.bundle.unit-test";
		};
/* End PBXNativeTarget section */

/* Begin PBXProject section */
		C20529331B0DA44100E86872 /* Project object */ = {
			isa = PBXProject;
			attributes = {
				LastUpgradeCheck = 0630;
				ORGANIZATIONNAME = arman;
				TargetAttributes = {
					C205293A1B0DA44100E86872 = {
						CreatedOnToolsVersion = 6.3.2;
					};
					C20529511B0DA44100E86872 = {
						CreatedOnToolsVersion = 6.3.2;
						TestTargetID = C205293A1B0DA44100E86872;
					};
				};
			};
			buildConfigurationList = C20529361B0DA44100E86872 /* Build configuration list for PBXProject "StandByMe" */;
			compatibilityVersion = "Xcode 3.2";
			developmentRegion = English;
			hasScannedForEncodings = 0;
			knownRegions = (
				en,
				Base,
			);
			mainGroup = C20529321B0DA44100E86872;
			productRefGroup = C205293C1B0DA44100E86872 /* Products */;
			projectDirPath = "";
			projectRoot = "";
			targets = (
				C205293A1B0DA44100E86872 /* StandByMe */,
				C20529511B0DA44100E86872 /* StandByMeTests */,
			);
		};
/* End PBXProject section */

/* Begin PBXResourcesBuildPhase section */
		C20529391B0DA44100E86872 /* Resources */ = {
			isa = PBXResourcesBuildPhase;
			buildActionMask = 2147483647;
			files = (
				C2C67AAE1B155D9100D68B5F /* empire_state_building.jpg in Resources */,
				C2C67AA71B155D9100D68B5F /* edard_stark.jpeg in Resources */,
				C2C67AA81B155D9100D68B5F /* john_snow.jpg in Resources */,
				C2C67AAA1B155D9100D68B5F /* peter_belish.jpg in Resources */,
				C2C67A981B1554BA00D68B5F /* Main.storyboard in Resources */,
				C2C67AAC1B155D9100D68B5F /* buckingham_palace.jpg in Resources */,
				C2C67AA91B155D9100D68B5F /* jorah_mormount.jpeg in Resources */,
				C2C67AAB1B155D9100D68B5F /* tyrion_lannister.jpeg in Resources */,
				C205294D1B0DA44100E86872 /* LaunchScreen.xib in Resources */,
				C2C67AAD1B155D9100D68B5F /* eiffel_tower.jpg in Resources */,
				C2C67AB01B155D9100D68B5F /* windsor_castle.jpg in Resources */,
				C2C67AAF1B155D9100D68B5F /* grand_canyon.jpg in Resources */,
				C205294A1B0DA44100E86872 /* Images.xcassets in Resources */,
			);
			runOnlyForDeploymentPostprocessing = 0;
		};
		C20529501B0DA44100E86872 /* Resources */ = {
			isa = PBXResourcesBuildPhase;
			buildActionMask = 2147483647;
			files = (
			);
			runOnlyForDeploymentPostprocessing = 0;
		};
/* End PBXResourcesBuildPhase section */

/* Begin PBXSourcesBuildPhase section */
		C20529371B0DA44100E86872 /* Sources */ = {
			isa = PBXSourcesBuildPhase;
			buildActionMask = 2147483647;
			files = (
				366978CF1B15A609004FBAC1 /* PlatformTableViewController.swift in Sources */,
				366979191B1D7980004FBAC1 /* Data.swift in Sources */,
				3669791B1B1D8274004FBAC1 /* PlatformCellTableViewController.swift in Sources */,
				366978D11B15A618004FBAC1 /* PlatformTableViewCell.swift in Sources */,
				C20529411B0DA44100E86872 /* AppDelegate.swift in Sources */,
				C2C67A9C1B155A9B00D68B5F /* MomentTableViewCell.swift in Sources */,
				C2C67AD81B156CF400D68B5F /* MomentTableViewController.swift in Sources */,
			);
			runOnlyForDeploymentPostprocessing = 0;
		};
		C205294E1B0DA44100E86872 /* Sources */ = {
			isa = PBXSourcesBuildPhase;
			buildActionMask = 2147483647;
			files = (
				C20529591B0DA44100E86872 /* StandByMeTests.swift in Sources */,
			);
			runOnlyForDeploymentPostprocessing = 0;
		};
/* End PBXSourcesBuildPhase section */

/* Begin PBXTargetDependency section */
		C20529541B0DA44100E86872 /* PBXTargetDependency */ = {
			isa = PBXTargetDependency;
			target = C205293A1B0DA44100E86872 /* StandByMe */;
			targetProxy = C20529531B0DA44100E86872 /* PBXContainerItemProxy */;
		};
/* End PBXTargetDependency section */

/* Begin PBXVariantGroup section */
		C205294B1B0DA44100E86872 /* LaunchScreen.xib */ = {
			isa = PBXVariantGroup;
			children = (
				C205294C1B0DA44100E86872 /* Base */,
			);
			name = LaunchScreen.xib;
			sourceTree = "<group>";
		};
/* End PBXVariantGroup section */

/* Begin XCBuildConfiguration section */
		C205295A1B0DA44100E86872 /* Debug */ = {
			isa = XCBuildConfiguration;
			buildSettings = {
				ALWAYS_SEARCH_USER_PATHS = NO;
				CLANG_CXX_LANGUAGE_STANDARD = "gnu++0x";
				CLANG_CXX_LIBRARY = "libc++";
				CLANG_ENABLE_MODULES = YES;
				CLANG_ENABLE_OBJC_ARC = YES;
				CLANG_WARN_BOOL_CONVERSION = YES;
				CLANG_WARN_CONSTANT_CONVERSION = YES;
				CLANG_WARN_DIRECT_OBJC_ISA_USAGE = YES_ERROR;
				CLANG_WARN_EMPTY_BODY = YES;
				CLANG_WARN_ENUM_CONVERSION = YES;
				CLANG_WARN_INT_CONVERSION = YES;
				CLANG_WARN_OBJC_ROOT_CLASS = YES_ERROR;
				CLANG_WARN_UNREACHABLE_CODE = YES;
				CLANG_WARN__DUPLICATE_METHOD_MATCH = YES;
				"CODE_SIGN_IDENTITY[sdk=iphoneos*]" = "iPhone Developer";
				COPY_PHASE_STRIP = NO;
				DEBUG_INFORMATION_FORMAT = "dwarf-with-dsym";
				ENABLE_STRICT_OBJC_MSGSEND = YES;
				GCC_C_LANGUAGE_STANDARD = gnu99;
				GCC_DYNAMIC_NO_PIC = NO;
				GCC_NO_COMMON_BLOCKS = YES;
				GCC_OPTIMIZATION_LEVEL = 0;
				GCC_PREPROCESSOR_DEFINITIONS = (
					"DEBUG=1",
					"$(inherited)",
				);
				GCC_SYMBOLS_PRIVATE_EXTERN = NO;
				GCC_WARN_64_TO_32_BIT_CONVERSION = YES;
				GCC_WARN_ABOUT_RETURN_TYPE = YES_ERROR;
				GCC_WARN_UNDECLARED_SELECTOR = YES;
				GCC_WARN_UNINITIALIZED_AUTOS = YES_AGGRESSIVE;
				GCC_WARN_UNUSED_FUNCTION = YES;
				GCC_WARN_UNUSED_VARIABLE = YES;
				IPHONEOS_DEPLOYMENT_TARGET = 8.3;
				MTL_ENABLE_DEBUG_INFO = YES;
				ONLY_ACTIVE_ARCH = YES;
				SDKROOT = iphoneos;
				SWIFT_OPTIMIZATION_LEVEL = "-Onone";
			};
			name = Debug;
		};
		C205295B1B0DA44100E86872 /* Release */ = {
			isa = XCBuildConfiguration;
			buildSettings = {
				ALWAYS_SEARCH_USER_PATHS = NO;
				CLANG_CXX_LANGUAGE_STANDARD = "gnu++0x";
				CLANG_CXX_LIBRARY = "libc++";
				CLANG_ENABLE_MODULES = YES;
				CLANG_ENABLE_OBJC_ARC = YES;
				CLANG_WARN_BOOL_CONVERSION = YES;
				CLANG_WARN_CONSTANT_CONVERSION = YES;
				CLANG_WARN_DIRECT_OBJC_ISA_USAGE = YES_ERROR;
				CLANG_WARN_EMPTY_BODY = YES;
				CLANG_WARN_ENUM_CONVERSION = YES;
				CLANG_WARN_INT_CONVERSION = YES;
				CLANG_WARN_OBJC_ROOT_CLASS = YES_ERROR;
				CLANG_WARN_UNREACHABLE_CODE = YES;
				CLANG_WARN__DUPLICATE_METHOD_MATCH = YES;
				"CODE_SIGN_IDENTITY[sdk=iphoneos*]" = "iPhone Developer";
				COPY_PHASE_STRIP = NO;
				DEBUG_INFORMATION_FORMAT = "dwarf-with-dsym";
				ENABLE_NS_ASSERTIONS = NO;
				ENABLE_STRICT_OBJC_MSGSEND = YES;
				GCC_C_LANGUAGE_STANDARD = gnu99;
				GCC_NO_COMMON_BLOCKS = YES;
				GCC_WARN_64_TO_32_BIT_CONVERSION = YES;
				GCC_WARN_ABOUT_RETURN_TYPE = YES_ERROR;
				GCC_WARN_UNDECLARED_SELECTOR = YES;
				GCC_WARN_UNINITIALIZED_AUTOS = YES_AGGRESSIVE;
				GCC_WARN_UNUSED_FUNCTION = YES;
				GCC_WARN_UNUSED_VARIABLE = YES;
				IPHONEOS_DEPLOYMENT_TARGET = 8.3;
				MTL_ENABLE_DEBUG_INFO = NO;
				SDKROOT = iphoneos;
				VALIDATE_PRODUCT = YES;
			};
			name = Release;
		};
		C205295D1B0DA44100E86872 /* Debug */ = {
			isa = XCBuildConfiguration;
			buildSettings = {
				ASSETCATALOG_COMPILER_APPICON_NAME = AppIcon;
				INFOPLIST_FILE = StandByMe/Info.plist;
				LD_RUNPATH_SEARCH_PATHS = "$(inherited) @executable_path/Frameworks";
				PRODUCT_NAME = "$(TARGET_NAME)";
			};
			name = Debug;
		};
		C205295E1B0DA44100E86872 /* Release */ = {
			isa = XCBuildConfiguration;
			buildSettings = {
				ASSETCATALOG_COMPILER_APPICON_NAME = AppIcon;
				INFOPLIST_FILE = StandByMe/Info.plist;
				LD_RUNPATH_SEARCH_PATHS = "$(inherited) @executable_path/Frameworks";
				PRODUCT_NAME = "$(TARGET_NAME)";
			};
			name = Release;
		};
		C20529601B0DA44100E86872 /* Debug */ = {
			isa = XCBuildConfiguration;
			buildSettings = {
				BUNDLE_LOADER = "$(TEST_HOST)";
				FRAMEWORK_SEARCH_PATHS = (
					"$(SDKROOT)/Developer/Library/Frameworks",
					"$(inherited)",
				);
				GCC_PREPROCESSOR_DEFINITIONS = (
					"DEBUG=1",
					"$(inherited)",
				);
				INFOPLIST_FILE = StandByMeTests/Info.plist;
				LD_RUNPATH_SEARCH_PATHS = "$(inherited) @executable_path/Frameworks @loader_path/Frameworks";
				PRODUCT_NAME = "$(TARGET_NAME)";
				TEST_HOST = "$(BUILT_PRODUCTS_DIR)/StandByMe.app/StandByMe";
			};
			name = Debug;
		};
		C20529611B0DA44100E86872 /* Release */ = {
			isa = XCBuildConfiguration;
			buildSettings = {
				BUNDLE_LOADER = "$(TEST_HOST)";
				FRAMEWORK_SEARCH_PATHS = (
					"$(SDKROOT)/Developer/Library/Frameworks",
					"$(inherited)",
				);
				INFOPLIST_FILE = StandByMeTests/Info.plist;
				LD_RUNPATH_SEARCH_PATHS = "$(inherited) @executable_path/Frameworks @loader_path/Frameworks";
				PRODUCT_NAME = "$(TARGET_NAME)";
				TEST_HOST = "$(BUILT_PRODUCTS_DIR)/StandByMe.app/StandByMe";
			};
			name = Release;
		};
/* End XCBuildConfiguration section */

/* Begin XCConfigurationList section */
		C20529361B0DA44100E86872 /* Build configuration list for PBXProject "StandByMe" */ = {
			isa = XCConfigurationList;
			buildConfigurations = (
				C205295A1B0DA44100E86872 /* Debug */,
				C205295B1B0DA44100E86872 /* Release */,
			);
			defaultConfigurationIsVisible = 0;
			defaultConfigurationName = Release;
		};
		C205295C1B0DA44100E86872 /* Build configuration list for PBXNativeTarget "StandByMe" */ = {
			isa = XCConfigurationList;
			buildConfigurations = (
				C205295D1B0DA44100E86872 /* Debug */,
				C205295E1B0DA44100E86872 /* Release */,
			);
			defaultConfigurationIsVisible = 0;
			defaultConfigurationName = Release;
		};
		C205295F1B0DA44100E86872 /* Build configuration list for PBXNativeTarget "StandByMeTests" */ = {
			isa = XCConfigurationList;
			buildConfigurations = (
				C20529601B0DA44100E86872 /* Debug */,
				C20529611B0DA44100E86872 /* Release */,
			);
			defaultConfigurationIsVisible = 0;
			defaultConfigurationName = Release;
		};
/* End XCConfigurationList section */
	};
	rootObject = C20529331B0DA44100E86872 /* Project object */;
}
